// !$*UTF8*$!
{
	archiveVersion = 1;
	classes = {
	};
	objectVersion = 46;
	objects = {

/* Begin PBXBuildFile section */
		1F88C5881EB47C3C002A5302 /* AppDelegate.swift in Sources */ = {isa = PBXBuildFile; fileRef = 1F88C5871EB47C3C002A5302 /* AppDelegate.swift */; };
		1F88C58A1EB47C3C002A5302 /* ViewController.swift in Sources */ = {isa = PBXBuildFile; fileRef = 1F88C5891EB47C3C002A5302 /* ViewController.swift */; };
		1F88C58D1EB47C3C002A5302 /* Main.storyboard in Resources */ = {isa = PBXBuildFile; fileRef = 1F88C58B1EB47C3C002A5302 /* Main.storyboard */; };
		1F88C5901EB47C3C002A5302 /* SingleViewApplication.xcdatamodeld in Sources */ = {isa = PBXBuildFile; fileRef = 1F88C58E1EB47C3C002A5302 /* SingleViewApplication.xcdatamodeld */; };
		1F88C5921EB47C3C002A5302 /* Assets.xcassets in Resources */ = {isa = PBXBuildFile; fileRef = 1F88C5911EB47C3C002A5302 /* Assets.xcassets */; };
		1F88C5951EB47C3C002A5302 /* LaunchScreen.storyboard in Resources */ = {isa = PBXBuildFile; fileRef = 1F88C5931EB47C3C002A5302 /* LaunchScreen.storyboard */; };
		1F88C5A01EB47C3C002A5302 /* SingleViewApplicationTests.swift in Sources */ = {isa = PBXBuildFile; fileRef = 1F88C59F1EB47C3C002A5302 /* SingleViewApplicationTests.swift */; };
		1F88C5AB1EB47C3C002A5302 /* SingleViewApplicationUITests.swift in Sources */ = {isa = PBXBuildFile; fileRef = 1F88C5AA1EB47C3C002A5302 /* SingleViewApplicationUITests.swift */; };
/* End PBXBuildFile section */

/* Begin PBXContainerItemProxy section */
		1F88C59C1EB47C3C002A5302 /* PBXContainerItemProxy */ = {
			isa = PBXContainerItemProxy;
			containerPortal = 1F88C57C1EB47C3C002A5302 /* Project object */;
			proxyType = 1;
			remoteGlobalIDString = 1F88C5831EB47C3C002A5302;
			remoteInfo = SingleViewApplication;
		};
		1F88C5A71EB47C3C002A5302 /* PBXContainerItemProxy */ = {
			isa = PBXContainerItemProxy;
			containerPortal = 1F88C57C1EB47C3C002A5302 /* Project object */;
			proxyType = 1;
			remoteGlobalIDString = 1F88C5831EB47C3C002A5302;
			remoteInfo = SingleViewApplication;
		};
/* End PBXContainerItemProxy section */

/* Begin PBXFileReference section */
		1F88C5841EB47C3C002A5302 /* SingleViewApplication.app */ = {isa = PBXFileReference; explicitFileType = wrapper.application; includeInIndex = 0; path = SingleViewApplication.app; sourceTree = BUILT_PRODUCTS_DIR; };
		1F88C5871EB47C3C002A5302 /* AppDelegate.swift */ = {isa = PBXFileReference; lastKnownFileType = sourcecode.swift; path = AppDelegate.swift; sourceTree = "<group>"; };
		1F88C5891EB47C3C002A5302 /* ViewController.swift */ = {isa = PBXFileReference; lastKnownFileType = sourcecode.swift; path = ViewController.swift; sourceTree = "<group>"; };
		1F88C58C1EB47C3C002A5302 /* Base */ = {isa = PBXFileReference; lastKnownFileType = file.storyboard; name = Base; path = Base.lproj/Main.storyboard; sourceTree = "<group>"; };
		1F88C58F1EB47C3C002A5302 /* SingleViewApplication.xcdatamodel */ = {isa = PBXFileReference; lastKnownFileType = wrapper.xcdatamodel; path = SingleViewApplication.xcdatamodel; sourceTree = "<group>"; };
		1F88C5911EB47C3C002A5302 /* Assets.xcassets */ = {isa = PBXFileReference; lastKnownFileType = folder.assetcatalog; path = Assets.xcassets; sourceTree = "<group>"; };
		1F88C5941EB47C3C002A5302 /* Base */ = {isa = PBXFileReference; lastKnownFileType = file.storyboard; name = Base; path = Base.lproj/LaunchScreen.storyboard; sourceTree = "<group>"; };
		1F88C5961EB47C3C002A5302 /* Info.plist */ = {isa = PBXFileReference; lastKnownFileType = text.plist.xml; path = Info.plist; sourceTree = "<group>"; };
		1F88C59B1EB47C3C002A5302 /* SingleViewApplicationTests.xctest */ = {isa = PBXFileReference; explicitFileType = wrapper.cfbundle; includeInIndex = 0; path = SingleViewApplicationTests.xctest; sourceTree = BUILT_PRODUCTS_DIR; };
		1F88C59F1EB47C3C002A5302 /* SingleViewApplicationTests.swift */ = {isa = PBXFileReference; lastKnownFileType = sourcecode.swift; path = SingleViewApplicationTests.swift; sourceTree = "<group>"; };
		1F88C5A11EB47C3C002A5302 /* Info.plist */ = {isa = PBXFileReference; lastKnownFileType = text.plist.xml; path = Info.plist; sourceTree = "<group>"; };
		1F88C5A61EB47C3C002A5302 /* SingleViewApplicationUITests.xctest */ = {isa = PBXFileReference; explicitFileType = wrapper.cfbundle; includeInIndex = 0; path = SingleViewApplicationUITests.xctest; sourceTree = BUILT_PRODUCTS_DIR; };
		1F88C5AA1EB47C3C002A5302 /* SingleViewApplicationUITests.swift */ = {isa = PBXFileReference; lastKnownFileType = sourcecode.swift; path = SingleViewApplicationUITests.swift; sourceTree = "<group>"; };
		1F88C5AC1EB47C3C002A5302 /* Info.plist */ = {isa = PBXFileReference; lastKnownFileType = text.plist.xml; path = Info.plist; sourceTree = "<group>"; };
/* End PBXFileReference section */

/* Begin PBXFrameworksBuildPhase section */
		1F88C5811EB47C3C002A5302 /* Frameworks */ = {
			isa = PBXFrameworksBuildPhase;
			buildActionMask = 2147483647;
			files = (
			);
			runOnlyForDeploymentPostprocessing = 0;
		};
		1F88C5981EB47C3C002A5302 /* Frameworks */ = {
			isa = PBXFrameworksBuildPhase;
			buildActionMask = 2147483647;
			files = (
			);
			runOnlyForDeploymentPostprocessing = 0;
		};
		1F88C5A31EB47C3C002A5302 /* Frameworks */ = {
			isa = PBXFrameworksBuildPhase;
			buildActionMask = 2147483647;
			files = (
			);
			runOnlyForDeploymentPostprocessing = 0;
		};
/* End PBXFrameworksBuildPhase section */

/* Begin PBXGroup section */
		1F88C57B1EB47C3C002A5302 = {
			isa = PBXGroup;
			children = (
				1F88C5861EB47C3C002A5302 /* SingleViewApplication */,
				1F88C59E1EB47C3C002A5302 /* SingleViewApplicationTests */,
				1F88C5A91EB47C3C002A5302 /* SingleViewApplicationUITests */,
				1F88C5851EB47C3C002A5302 /* Products */,
			);
			sourceTree = "<group>";
		};
		1F88C5851EB47C3C002A5302 /* Products */ = {
			isa = PBXGroup;
			children = (
				1F88C5841EB47C3C002A5302 /* SingleViewApplication.app */,
				1F88C59B1EB47C3C002A5302 /* SingleViewApplicationTests.xctest */,
				1F88C5A61EB47C3C002A5302 /* SingleViewApplicationUITests.xctest */,
			);
			name = Products;
			sourceTree = "<group>";
		};
		1F88C5861EB47C3C002A5302 /* SingleViewApplication */ = {
			isa = PBXGroup;
			children = (
				1F88C5871EB47C3C002A5302 /* AppDelegate.swift */,
				1F88C5891EB47C3C002A5302 /* ViewController.swift */,
				1F88C58B1EB47C3C002A5302 /* Main.storyboard */,
				1F88C5911EB47C3C002A5302 /* Assets.xcassets */,
				1F88C5931EB47C3C002A5302 /* LaunchScreen.storyboard */,
				1F88C5961EB47C3C002A5302 /* Info.plist */,
				1F88C58E1EB47C3C002A5302 /* SingleViewApplication.xcdatamodeld */,
			);
			path = SingleViewApplication;
			sourceTree = "<group>";
		};
		1F88C59E1EB47C3C002A5302 /* SingleViewApplicationTests */ = {
			isa = PBXGroup;
			children = (
				1F88C59F1EB47C3C002A5302 /* SingleViewApplicationTests.swift */,
				1F88C5A11EB47C3C002A5302 /* Info.plist */,
			);
			path = SingleViewApplicationTests;
			sourceTree = "<group>";
		};
		1F88C5A91EB47C3C002A5302 /* SingleViewApplicationUITests */ = {
			isa = PBXGroup;
			children = (
				1F88C5AA1EB47C3C002A5302 /* SingleViewApplicationUITests.swift */,
				1F88C5AC1EB47C3C002A5302 /* Info.plist */,
			);
			path = SingleViewApplicationUITests;
			sourceTree = "<group>";
		};
/* End PBXGroup section */

/* Begin PBXNativeTarget section */
		1F88C5831EB47C3C002A5302 /* SingleViewApplication */ = {
			isa = PBXNativeTarget;
			buildConfigurationList = 1F88C5AF1EB47C3C002A5302 /* Build configuration list for PBXNativeTarget "SingleViewApplication" */;
			buildPhases = (
				1F88C5801EB47C3C002A5302 /* Sources */,
				1F88C5811EB47C3C002A5302 /* Frameworks */,
				1F88C5821EB47C3C002A5302 /* Resources */,
			);
			buildRules = (
			);
			dependencies = (
			);
			name = SingleViewApplication;
			productName = SingleViewApplication;
			productReference = 1F88C5841EB47C3C002A5302 /* SingleViewApplication.app */;
			productType = "com.apple.product-type.application";
		};
		1F88C59A1EB47C3C002A5302 /* SingleViewApplicationTests */ = {
			isa = PBXNativeTarget;
			buildConfigurationList = 1F88C5B21EB47C3C002A5302 /* Build configuration list for PBXNativeTarget "SingleViewApplicationTests" */;
			buildPhases = (
				1F88C5971EB47C3C002A5302 /* Sources */,
				1F88C5981EB47C3C002A5302 /* Frameworks */,
				1F88C5991EB47C3C002A5302 /* Resources */,
			);
			buildRules = (
			);
			dependencies = (
				1F88C59D1EB47C3C002A5302 /* PBXTargetDependency */,
			);
			name = SingleViewApplicationTests;
			productName = SingleViewApplicationTests;
			productReference = 1F88C59B1EB47C3C002A5302 /* SingleViewApplicationTests.xctest */;
			productType = "com.apple.product-type.bundle.unit-test";
		};
		1F88C5A51EB47C3C002A5302 /* SingleViewApplicationUITests */ = {
			isa = PBXNativeTarget;
			buildConfigurationList = 1F88C5B51EB47C3C002A5302 /* Build configuration list for PBXNativeTarget "SingleViewApplicationUITests" */;
			buildPhases = (
				1F88C5A21EB47C3C002A5302 /* Sources */,
				1F88C5A31EB47C3C002A5302 /* Frameworks */,
				1F88C5A41EB47C3C002A5302 /* Resources */,
			);
			buildRules = (
			);
			dependencies = (
				1F88C5A81EB47C3C002A5302 /* PBXTargetDependency */,
			);
			name = SingleViewApplicationUITests;
			productName = SingleViewApplicationUITests;
			productReference = 1F88C5A61EB47C3C002A5302 /* SingleViewApplicationUITests.xctest */;
			productType = "com.apple.product-type.bundle.ui-testing";
		};
/* End PBXNativeTarget section */

/* Begin PBXProject section */
		1F88C57C1EB47C3C002A5302 /* Project object */ = {
			isa = PBXProject;
			attributes = {
				LastSwiftUpdateCheck = 0830;
				LastUpgradeCheck = 0830;
				ORGANIZATIONNAME = toshi0383;
				TargetAttributes = {
					1F88C5831EB47C3C002A5302 = {
						CreatedOnToolsVersion = 8.3.2;
						ProvisioningStyle = Automatic;
					};
					1F88C59A1EB47C3C002A5302 = {
						CreatedOnToolsVersion = 8.3.2;
						ProvisioningStyle = Automatic;
						TestTargetID = 1F88C5831EB47C3C002A5302;
					};
					1F88C5A51EB47C3C002A5302 = {
						CreatedOnToolsVersion = 8.3.2;
						ProvisioningStyle = Automatic;
						TestTargetID = 1F88C5831EB47C3C002A5302;
					};
				};
			};
			buildConfigurationList = 1F88C57F1EB47C3C002A5302 /* Build configuration list for PBXProject "SingleViewApplication" */;
			compatibilityVersion = "Xcode 3.2";
			developmentRegion = English;
			hasScannedForEncodings = 0;
			knownRegions = (
				en,
				Base,
			);
			mainGroup = 1F88C57B1EB47C3C002A5302;
			productRefGroup = 1F88C5851EB47C3C002A5302 /* Products */;
			projectDirPath = "";
			projectRoot = "";
			targets = (
				1F88C5831EB47C3C002A5302 /* SingleViewApplication */,
				1F88C59A1EB47C3C002A5302 /* SingleViewApplicationTests */,
				1F88C5A51EB47C3C002A5302 /* SingleViewApplicationUITests */,
			);
		};
/* End PBXProject section */

/* Begin PBXResourcesBuildPhase section */
		1F88C5821EB47C3C002A5302 /* Resources */ = {
			isa = PBXResourcesBuildPhase;
			buildActionMask = 2147483647;
			files = (
				1F88C5951EB47C3C002A5302 /* LaunchScreen.storyboard in Resources */,
				1F88C5921EB47C3C002A5302 /* Assets.xcassets in Resources */,
				1F88C58D1EB47C3C002A5302 /* Main.storyboard in Resources */,
			);
			runOnlyForDeploymentPostprocessing = 0;
		};
		1F88C5991EB47C3C002A5302 /* Resources */ = {
			isa = PBXResourcesBuildPhase;
			buildActionMask = 2147483647;
			files = (
			);
			runOnlyForDeploymentPostprocessing = 0;
		};
		1F88C5A41EB47C3C002A5302 /* Resources */ = {
			isa = PBXResourcesBuildPhase;
			buildActionMask = 2147483647;
			files = (
			);
			runOnlyForDeploymentPostprocessing = 0;
		};
/* End PBXResourcesBuildPhase section */

/* Begin PBXSourcesBuildPhase section */
		1F88C5801EB47C3C002A5302 /* Sources */ = {
			isa = PBXSourcesBuildPhase;
			buildActionMask = 2147483647;
			files = (
				1F88C58A1EB47C3C002A5302 /* ViewController.swift in Sources */,
				1F88C5901EB47C3C002A5302 /* SingleViewApplication.xcdatamodeld in Sources */,
				1F88C5881EB47C3C002A5302 /* AppDelegate.swift in Sources */,
			);
			runOnlyForDeploymentPostprocessing = 0;
		};
		1F88C5971EB47C3C002A5302 /* Sources */ = {
			isa = PBXSourcesBuildPhase;
			buildActionMask = 2147483647;
			files = (
				1F88C5A01EB47C3C002A5302 /* SingleViewApplicationTests.swift in Sources */,
			);
			runOnlyForDeploymentPostprocessing = 0;
		};
		1F88C5A21EB47C3C002A5302 /* Sources */ = {
			isa = PBXSourcesBuildPhase;
			buildActionMask = 2147483647;
			files = (
				1F88C5AB1EB47C3C002A5302 /* SingleViewApplicationUITests.swift in Sources */,
			);
			runOnlyForDeploymentPostprocessing = 0;
		};
/* End PBXSourcesBuildPhase section */

/* Begin PBXTargetDependency section */
		1F88C59D1EB47C3C002A5302 /* PBXTargetDependency */ = {
			isa = PBXTargetDependency;
			target = 1F88C5831EB47C3C002A5302 /* SingleViewApplication */;
			targetProxy = 1F88C59C1EB47C3C002A5302 /* PBXContainerItemProxy */;
		};
		1F88C5A81EB47C3C002A5302 /* PBXTargetDependency */ = {
			isa = PBXTargetDependency;
			target = 1F88C5831EB47C3C002A5302 /* SingleViewApplication */;
			targetProxy = 1F88C5A71EB47C3C002A5302 /* PBXContainerItemProxy */;
		};
/* End PBXTargetDependency section */

/* Begin PBXVariantGroup section */
		1F88C58B1EB47C3C002A5302 /* Main.storyboard */ = {
			isa = PBXVariantGroup;
			children = (
				1F88C58C1EB47C3C002A5302 /* Base */,
			);
			name = Main.storyboard;
			sourceTree = "<group>";
		};
		1F88C5931EB47C3C002A5302 /* LaunchScreen.storyboard */ = {
			isa = PBXVariantGroup;
			children = (
				1F88C5941EB47C3C002A5302 /* Base */,
			);
			name = LaunchScreen.storyboard;
			sourceTree = "<group>";
		};
/* End PBXVariantGroup section */

/* Begin XCBuildConfiguration section */
		1F88C5AD1EB47C3C002A5302 /* Debug */ = {
			isa = XCBuildConfiguration;
			buildSettings = {
				ALWAYS_SEARCH_USER_PATHS = NO;
				CLANG_ANALYZER_NONNULL = YES;
				CLANG_ANALYZER_NUMBER_OBJECT_CONVERSION = YES_AGGRESSIVE;
				CLANG_CXX_LANGUAGE_STANDARD = "gnu++0x";
				CLANG_CXX_LIBRARY = "libc++";
				CLANG_ENABLE_MODULES = YES;
				CLANG_ENABLE_OBJC_ARC = YES;
				CLANG_WARN_BOOL_CONVERSION = YES;
				CLANG_WARN_CONSTANT_CONVERSION = YES;
				CLANG_WARN_DIRECT_OBJC_ISA_USAGE = YES_ERROR;
				CLANG_WARN_DOCUMENTATION_COMMENTS = YES;
				CLANG_WARN_EMPTY_BODY = YES;
				CLANG_WARN_ENUM_CONVERSION = YES;
				CLANG_WARN_INFINITE_RECURSION = YES;
				CLANG_WARN_INT_CONVERSION = YES;
				CLANG_WARN_OBJC_ROOT_CLASS = YES_ERROR;
				CLANG_WARN_SUSPICIOUS_MOVE = YES;
				CLANG_WARN_UNREACHABLE_CODE = YES;
				CLANG_WARN__DUPLICATE_METHOD_MATCH = YES;
				"CODE_SIGN_IDENTITY[sdk=iphoneos*]" = "iPhone Developer";
				COPY_PHASE_STRIP = NO;
				DEBUG_INFORMATION_FORMAT = dwarf;
				ENABLE_STRICT_OBJC_MSGSEND = YES;
				ENABLE_TESTABILITY = YES;
				GCC_C_LANGUAGE_STANDARD = gnu99;
				GCC_DYNAMIC_NO_PIC = NO;
				GCC_NO_COMMON_BLOCKS = YES;
				GCC_OPTIMIZATION_LEVEL = 0;
				GCC_PREPROCESSOR_DEFINITIONS = (
					"DEBUG=1",
					"$(inherited)",
				);
				GCC_WARN_64_TO_32_BIT_CONVERSION = YES;
				GCC_WARN_ABOUT_RETURN_TYPE = YES_ERROR;
				GCC_WARN_UNDECLARED_SELECTOR = YES;
				GCC_WARN_UNINITIALIZED_AUTOS = YES_AGGRESSIVE;
				GCC_WARN_UNUSED_FUNCTION = YES;
				GCC_WARN_UNUSED_VARIABLE = YES;
				IPHONEOS_DEPLOYMENT_TARGET = 10.3;
				MTL_ENABLE_DEBUG_INFO = YES;
				ONLY_ACTIVE_ARCH = YES;
				SDKROOT = iphoneos;
				SWIFT_ACTIVE_COMPILATION_CONDITIONS = DEBUG;
				SWIFT_OPTIMIZATION_LEVEL = "-Onone";
				TARGETED_DEVICE_FAMILY = "1,2";
			};
			name = Debug;
		};
		1F88C5AE1EB47C3C002A5302 /* Release */ = {
			isa = XCBuildConfiguration;
			buildSettings = {
				ALWAYS_SEARCH_USER_PATHS = NO;
				CLANG_ANALYZER_NONNULL = YES;
				CLANG_ANALYZER_NUMBER_OBJECT_CONVERSION = YES_AGGRESSIVE;
				CLANG_CXX_LANGUAGE_STANDARD = "gnu++0x";
				CLANG_CXX_LIBRARY = "libc++";
				CLANG_ENABLE_MODULES = YES;
				CLANG_ENABLE_OBJC_ARC = YES;
				CLANG_WARN_BOOL_CONVERSION = YES;
				CLANG_WARN_CONSTANT_CONVERSION = YES;
				CLANG_WARN_DIRECT_OBJC_ISA_USAGE = YES_ERROR;
				CLANG_WARN_DOCUMENTATION_COMMENTS = YES;
				CLANG_WARN_EMPTY_BODY = YES;
				CLANG_WARN_ENUM_CONVERSION = YES;
				CLANG_WARN_INFINITE_RECURSION = YES;
				CLANG_WARN_INT_CONVERSION = YES;
				CLANG_WARN_OBJC_ROOT_CLASS = YES_ERROR;
				CLANG_WARN_SUSPICIOUS_MOVE = YES;
				CLANG_WARN_UNREACHABLE_CODE = YES;
				CLANG_WARN__DUPLICATE_METHOD_MATCH = YES;
				"CODE_SIGN_IDENTITY[sdk=iphoneos*]" = "iPhone Developer";
				COPY_PHASE_STRIP = NO;
				DEBUG_INFORMATION_FORMAT = "dwarf-with-dsym";
				ENABLE_NS_ASSERTIONS = NO;
				ENABLE_STRICT_OBJC_MSGSEND = YES;
				GCC_C_LANGUAGE_STANDARD = gnu99;
				GCC_NO_COMMON_BLOCKS = YES;
				GCC_WARN_64_TO_32_BIT_CONVERSION = YES;
				GCC_WARN_ABOUT_RETURN_TYPE = YES_ERROR;
				GCC_WARN_UNDECLARED_SELECTOR = YES;
				GCC_WARN_UNINITIALIZED_AUTOS = YES_AGGRESSIVE;
				GCC_WARN_UNUSED_FUNCTION = YES;
				GCC_WARN_UNUSED_VARIABLE = YES;
				IPHONEOS_DEPLOYMENT_TARGET = 10.3;
				MTL_ENABLE_DEBUG_INFO = NO;
				SDKROOT = iphoneos;
				SWIFT_OPTIMIZATION_LEVEL = "-Owholemodule";
				TARGETED_DEVICE_FAMILY = "1,2";
				VALIDATE_PRODUCT = YES;
			};
			name = Release;
		};
		1F88C5B01EB47C3C002A5302 /* Debug */ = {
			isa = XCBuildConfiguration;
			buildSettings = {
				ASSETCATALOG_COMPILER_APPICON_NAME = AppIcon;
				INFOPLIST_FILE = SingleViewApplication/Info.plist;
				LD_RUNPATH_SEARCH_PATHS = "$(inherited) @executable_path/Frameworks";
				PRODUCT_BUNDLE_IDENTIFIER = jp.toshi0383.SingleViewApplication;
				PRODUCT_NAME = "$(TARGET_NAME)";
				SWIFT_VERSION = 3.0;
			};
			name = Debug;
		};
		1F88C5B11EB47C3C002A5302 /* Release */ = {
			isa = XCBuildConfiguration;
			buildSettings = {
				ASSETCATALOG_COMPILER_APPICON_NAME = AppIcon;
				INFOPLIST_FILE = SingleViewApplication/Info.plist;
				LD_RUNPATH_SEARCH_PATHS = "$(inherited) @executable_path/Frameworks";
				PRODUCT_BUNDLE_IDENTIFIER = jp.toshi0383.SingleViewApplication;
				PRODUCT_NAME = "$(TARGET_NAME)";
				SWIFT_VERSION = 3.0;
			};
			name = Release;
		};
		1F88C5B31EB47C3C002A5302 /* Debug */ = {
			isa = XCBuildConfiguration;
			buildSettings = {
				ALWAYS_EMBED_SWIFT_STANDARD_LIBRARIES = YES;
				BUNDLE_LOADER = "$(TEST_HOST)";
				INFOPLIST_FILE = SingleViewApplicationTests/Info.plist;
				LD_RUNPATH_SEARCH_PATHS = "$(inherited) @executable_path/Frameworks @loader_path/Frameworks";
				PRODUCT_BUNDLE_IDENTIFIER = jp.toshi0383.SingleViewApplicationTests;
				PRODUCT_NAME = "$(TARGET_NAME)";
				SWIFT_VERSION = 3.0;
				TEST_HOST = "$(BUILT_PRODUCTS_DIR)/SingleViewApplication.app/SingleViewApplication";
			};
			name = Debug;
		};
		1F88C5B41EB47C3C002A5302 /* Release */ = {
			isa = XCBuildConfiguration;
			buildSettings = {
				ALWAYS_EMBED_SWIFT_STANDARD_LIBRARIES = YES;
				BUNDLE_LOADER = "$(TEST_HOST)";
				INFOPLIST_FILE = SingleViewApplicationTests/Info.plist;
				LD_RUNPATH_SEARCH_PATHS = "$(inherited) @executable_path/Frameworks @loader_path/Frameworks";
				PRODUCT_BUNDLE_IDENTIFIER = jp.toshi0383.SingleViewApplicationTests;
				PRODUCT_NAME = "$(TARGET_NAME)";
				SWIFT_VERSION = 3.0;
				TEST_HOST = "$(BUILT_PRODUCTS_DIR)/SingleViewApplication.app/SingleViewApplication";
			};
			name = Release;
		};
		1F88C5B61EB47C3C002A5302 /* Debug */ = {
			isa = XCBuildConfiguration;
			buildSettings = {
				ALWAYS_EMBED_SWIFT_STANDARD_LIBRARIES = YES;
				INFOPLIST_FILE = SingleViewApplicationUITests/Info.plist;
				LD_RUNPATH_SEARCH_PATHS = "$(inherited) @executable_path/Frameworks @loader_path/Frameworks";
				PRODUCT_BUNDLE_IDENTIFIER = jp.toshi0383.SingleViewApplicationUITests;
				PRODUCT_NAME = "$(TARGET_NAME)";
				SWIFT_VERSION = 3.0;
				TEST_TARGET_NAME = SingleViewApplication;
			};
			name = Debug;
		};
		1F88C5B71EB47C3C002A5302 /* Release */ = {
			isa = XCBuildConfiguration;
			buildSettings = {
				ALWAYS_EMBED_SWIFT_STANDARD_LIBRARIES = YES;
				INFOPLIST_FILE = SingleViewApplicationUITests/Info.plist;
				LD_RUNPATH_SEARCH_PATHS = "$(inherited) @executable_path/Frameworks @loader_path/Frameworks";
				PRODUCT_BUNDLE_IDENTIFIER = jp.toshi0383.SingleViewApplicationUITests;
				PRODUCT_NAME = "$(TARGET_NAME)";
				SWIFT_VERSION = 3.0;
				TEST_TARGET_NAME = SingleViewApplication;
			};
			name = Release;
		};
/* End XCBuildConfiguration section */

/* Begin XCConfigurationList section */
		1F88C57F1EB47C3C002A5302 /* Build configuration list for PBXProject "SingleViewApplication" */ = {
			isa = XCConfigurationList;
			buildConfigurations = (
				1F88C5AD1EB47C3C002A5302 /* Debug */,
				1F88C5AE1EB47C3C002A5302 /* Release */,
			);
			defaultConfigurationIsVisible = 0;
			defaultConfigurationName = Release;
		};
		1F88C5AF1EB47C3C002A5302 /* Build configuration list for PBXNativeTarget "SingleViewApplication" */ = {
			isa = XCConfigurationList;
			buildConfigurations = (
				1F88C5B01EB47C3C002A5302 /* Debug */,
				1F88C5B11EB47C3C002A5302 /* Release */,
			);
			defaultConfigurationIsVisible = 0;
		};
		1F88C5B21EB47C3C002A5302 /* Build configuration list for PBXNativeTarget "SingleViewApplicationTests" */ = {
			isa = XCConfigurationList;
			buildConfigurations = (
				1F88C5B31EB47C3C002A5302 /* Debug */,
				1F88C5B41EB47C3C002A5302 /* Release */,
			);
			defaultConfigurationIsVisible = 0;
		};
		1F88C5B51EB47C3C002A5302 /* Build configuration list for PBXNativeTarget "SingleViewApplicationUITests" */ = {
			isa = XCConfigurationList;
			buildConfigurations = (
				1F88C5B61EB47C3C002A5302 /* Debug */,
				1F88C5B71EB47C3C002A5302 /* Release */,
			);
			defaultConfigurationIsVisible = 0;
		};
/* End XCConfigurationList section */

/* Begin XCVersionGroup section */
		1F88C58E1EB47C3C002A5302 /* SingleViewApplication.xcdatamodeld */ = {
			isa = XCVersionGroup;
			children = (
				1F88C58F1EB47C3C002A5302 /* SingleViewApplication.xcdatamodel */,
			);
			currentVersion = 1F88C58F1EB47C3C002A5302 /* SingleViewApplication.xcdatamodel */;
			path = SingleViewApplication.xcdatamodeld;
			sourceTree = "<group>";
			versionGroupType = wrapper.xcdatamodel;
		};
/* End XCVersionGroup section */
	};
	rootObject = 1F88C57C1EB47C3C002A5302 /* Project object */;
}
